
Microsoft Visual Studio Solution File, Format Version 12.00
# Visual Studio 15
VisualStudioVersion = 15.0.28010.2048
MinimumVisualStudioVersion = 10.0.40219.1
Project("{FAE04EC0-301F-11D3-BF4B-00C04F79EFBC}") = "Sabio.Db.ConsoleApp", "Sabio.Db.ConsoleApp\Sabio.Db.Console\Sabio.Db.ConsoleApp.csproj", "{FA111C1C-CCE2-4ADA-A6CC-05610A0921C1}"
	ProjectSection(ProjectDependencies) = postProject
		{F696CB27-02F4-4326-A80D-99B070A888CE} = {F696CB27-02F4-4326-A80D-99B070A888CE}
		{F7151F50-29BB-4EAC-88F1-CDBE038A069B} = {F7151F50-29BB-4EAC-88F1-CDBE038A069B}
		{24B31DA5-BD83-4DCF-996B-0ACDCCE68D5C} = {24B31DA5-BD83-4DCF-996B-0ACDCCE68D5C}
	EndProjectSection
EndProject
Project("{FAE04EC0-301F-11D3-BF4B-00C04F79EFBC}") = "Sabio.Data", "Sabio.Data\Sabio.Data.csproj", "{F696CB27-02F4-4326-A80D-99B070A888CE}"
EndProject
Project("{FAE04EC0-301F-11D3-BF4B-00C04F79EFBC}") = "Sabio.Models", "Sabio.Models\Sabio.Models.csproj", "{F7151F50-29BB-4EAC-88F1-CDBE038A069B}"
	ProjectSection(ProjectDependencies) = postProject
		{F696CB27-02F4-4326-A80D-99B070A888CE} = {F696CB27-02F4-4326-A80D-99B070A888CE}
	EndProjectSection
EndProject
Project("{FAE04EC0-301F-11D3-BF4B-00C04F79EFBC}") = "Sabio.Services", "Sabio.Services\Sabio.Services.csproj", "{24B31DA5-BD83-4DCF-996B-0ACDCCE68D5C}"
EndProject
Global
	GlobalSection(SolutionConfigurationPlatforms) = preSolution
		Debug|Any CPU = Debug|Any CPU
		Release|Any CPU = Release|Any CPU
	EndGlobalSection
	GlobalSection(ProjectConfigurationPlatforms) = postSolution
		{FA111C1C-CCE2-4ADA-A6CC-05610A0921C1}.Debug|Any CPU.ActiveCfg = Debug|Any CPU
		{FA111C1C-CCE2-4ADA-A6CC-05610A0921C1}.Debug|Any CPU.Build.0 = Debug|Any CPU
		{FA111C1C-CCE2-4ADA-A6CC-05610A0921C1}.Release|Any CPU.ActiveCfg = Release|Any CPU
		{FA111C1C-CCE2-4ADA-A6CC-05610A0921C1}.Release|Any CPU.Build.0 = Release|Any CPU
		{F696CB27-02F4-4326-A80D-99B070A888CE}.Debug|Any CPU.ActiveCfg = Debug|Any CPU
		{F696CB27-02F4-4326-A80D-99B070A888CE}.Debug|Any CPU.Build.0 = Debug|Any CPU
		{F696CB27-02F4-4326-A80D-99B070A888CE}.Release|Any CPU.ActiveCfg = Release|Any CPU
		{F696CB27-02F4-4326-A80D-99B070A888CE}.Release|Any CPU.Build.0 = Release|Any CPU
		{F7151F50-29BB-4EAC-88F1-CDBE038A069B}.Debug|Any CPU.ActiveCfg = Debug|Any CPU
		{F7151F50-29BB-4EAC-88F1-CDBE038A069B}.Debug|Any CPU.Build.0 = Debug|Any CPU
		{F7151F50-29BB-4EAC-88F1-CDBE038A069B}.Release|Any CPU.ActiveCfg = Release|Any CPU
		{F7151F50-29BB-4EAC-88F1-CDBE038A069B}.Release|Any CPU.Build.0 = Release|Any CPU
		{24B31DA5-BD83-4DCF-996B-0ACDCCE68D5C}.Debug|Any CPU.ActiveCfg = Debug|Any CPU
		{24B31DA5-BD83-4DCF-996B-0ACDCCE68D5C}.Debug|Any CPU.Build.0 = Debug|Any CPU
		{24B31DA5-BD83-4DCF-996B-0ACDCCE68D5C}.Release|Any CPU.ActiveCfg = Release|Any CPU
		{24B31DA5-BD83-4DCF-996B-0ACDCCE68D5C}.Release|Any CPU.Build.0 = Release|Any CPU
	EndGlobalSection
	GlobalSection(SolutionProperties) = preSolution
		HideSolutionNode = FALSE
	EndGlobalSection
	GlobalSection(ExtensibilityGlobals) = postSolution
		SolutionGuid = {D13A7CE3-B415-4606-BBED-F1348CDCAF93}
	EndGlobalSection
EndGlobal
